
Microsoft Visual Studio Solution File, Format Version 12.00
# Visual Studio 15
VisualStudioVersion = 15.0.26124.0
MinimumVisualStudioVersion = 15.0.26124.0
Project("{2150E333-8FDC-42A3-9474-1A3956D46DE8}") = "src", "src", "{D3A27301-56BA-4377-8208-C224837E53D2}"
EndProject
Project("{FAE04EC0-301F-11D3-BF4B-00C04F79EFBC}") = "FrontEndApp", "src\FrontEndApp\FrontEndApp.csproj", "{FE312E14-8EC5-4FB0-B24A-A3E80A8492E9}"
EndProject
Project("{FAE04EC0-301F-11D3-BF4B-00C04F79EFBC}") = "FrontEndApp.Unittests", "src\FrontEndApp.Unittests\FrontEndApp.Unittests.csproj", "{2811E2AA-F416-49E9-8B7C-E837CB8A7607}"
EndProject
Global
	GlobalSection(SolutionConfigurationPlatforms) = preSolution
		Debug|Any CPU = Debug|Any CPU
		Debug|x64 = Debug|x64
		Debug|x86 = Debug|x86
		Release|Any CPU = Release|Any CPU
		Release|x64 = Release|x64
		Release|x86 = Release|x86
	EndGlobalSection
	GlobalSection(SolutionProperties) = preSolution
		HideSolutionNode = FALSE
	EndGlobalSection
	GlobalSection(ProjectConfigurationPlatforms) = postSolution
		{FE312E14-8EC5-4FB0-B24A-A3E80A8492E9}.Debug|Any CPU.ActiveCfg = Debug|Any CPU
		{FE312E14-8EC5-4FB0-B24A-A3E80A8492E9}.Debug|Any CPU.Build.0 = Debug|Any CPU
		{FE312E14-8EC5-4FB0-B24A-A3E80A8492E9}.Debug|x64.ActiveCfg = Debug|Any CPU
		{FE312E14-8EC5-4FB0-B24A-A3E80A8492E9}.Debug|x64.Build.0 = Debug|Any CPU
		{FE312E14-8EC5-4FB0-B24A-A3E80A8492E9}.Debug|x86.ActiveCfg = Debug|Any CPU
		{FE312E14-8EC5-4FB0-B24A-A3E80A8492E9}.Debug|x86.Build.0 = Debug|Any CPU
		{FE312E14-8EC5-4FB0-B24A-A3E80A8492E9}.Release|Any CPU.ActiveCfg = Release|Any CPU
		{FE312E14-8EC5-4FB0-B24A-A3E80A8492E9}.Release|Any CPU.Build.0 = Release|Any CPU
		{FE312E14-8EC5-4FB0-B24A-A3E80A8492E9}.Release|x64.ActiveCfg = Release|Any CPU
		{FE312E14-8EC5-4FB0-B24A-A3E80A8492E9}.Release|x64.Build.0 = Release|Any CPU
		{FE312E14-8EC5-4FB0-B24A-A3E80A8492E9}.Release|x86.ActiveCfg = Release|Any CPU
		{FE312E14-8EC5-4FB0-B24A-A3E80A8492E9}.Release|x86.Build.0 = Release|Any CPU
		{2811E2AA-F416-49E9-8B7C-E837CB8A7607}.Debug|Any CPU.ActiveCfg = Debug|Any CPU
		{2811E2AA-F416-49E9-8B7C-E837CB8A7607}.Debug|Any CPU.Build.0 = Debug|Any CPU
		{2811E2AA-F416-49E9-8B7C-E837CB8A7607}.Debug|x64.ActiveCfg = Debug|Any CPU
		{2811E2AA-F416-49E9-8B7C-E837CB8A7607}.Debug|x64.Build.0 = Debug|Any CPU
		{2811E2AA-F416-49E9-8B7C-E837CB8A7607}.Debug|x86.ActiveCfg = Debug|Any CPU
		{2811E2AA-F416-49E9-8B7C-E837CB8A7607}.Debug|x86.Build.0 = Debug|Any CPU
		{2811E2AA-F416-49E9-8B7C-E837CB8A7607}.Release|Any CPU.ActiveCfg = Release|Any CPU
		{2811E2AA-F416-49E9-8B7C-E837CB8A7607}.Release|Any CPU.Build.0 = Release|Any CPU
		{2811E2AA-F416-49E9-8B7C-E837CB8A7607}.Release|x64.ActiveCfg = Release|Any CPU
		{2811E2AA-F416-49E9-8B7C-E837CB8A7607}.Release|x64.Build.0 = Release|Any CPU
		{2811E2AA-F416-49E9-8B7C-E837CB8A7607}.Release|x86.ActiveCfg = Release|Any CPU
		{2811E2AA-F416-49E9-8B7C-E837CB8A7607}.Release|x86.Build.0 = Release|Any CPU
	EndGlobalSection
	GlobalSection(NestedProjects) = preSolution
		{FE312E14-8EC5-4FB0-B24A-A3E80A8492E9} = {D3A27301-56BA-4377-8208-C224837E53D2}
		{2811E2AA-F416-49E9-8B7C-E837CB8A7607} = {D3A27301-56BA-4377-8208-C224837E53D2}
	EndGlobalSection
EndGlobal
